
Microsoft Visual Studio Solution File, Format Version 12.00
# Visual Studio Version 16
VisualStudioVersion = 16.0.29509.3
MinimumVisualStudioVersion = 10.0.40219.1
Project("{FAE04EC0-301F-11D3-BF4B-00C04F79EFBC}") = "ApiTest", "ApiTest\ApiTest.csproj", "{0DE13EBB-82B3-4BA0-9734-B2AAFAF6B1C6}"
EndProject
Global
	GlobalSection(SolutionConfigurationPlatforms) = preSolution
		Debug|Any CPU = Debug|Any CPU
		Release|Any CPU = Release|Any CPU
	EndGlobalSection
	GlobalSection(ProjectConfigurationPlatforms) = postSolution
		{0DE13EBB-82B3-4BA0-9734-B2AAFAF6B1C6}.Debug|Any CPU.ActiveCfg = Debug|Any CPU
		{0DE13EBB-82B3-4BA0-9734-B2AAFAF6B1C6}.Debug|Any CPU.Build.0 = Debug|Any CPU
		{0DE13EBB-82B3-4BA0-9734-B2AAFAF6B1C6}.Release|Any CPU.ActiveCfg = Release|Any CPU
		{0DE13EBB-82B3-4BA0-9734-B2AAFAF6B1C6}.Release|Any CPU.Build.0 = Release|Any CPU
	EndGlobalSection
	GlobalSection(SolutionProperties) = preSolution
		HideSolutionNode = FALSE
	EndGlobalSection
	GlobalSection(ExtensibilityGlobals) = postSolution
		SolutionGuid = {B8FC2787-2495-4D47-92B2-772512A6EAAC}
	EndGlobalSection
EndGlobal
